
Microsoft Visual Studio Solution File, Format Version 12.00
# Visual Studio Version 16
VisualStudioVersion = 16.0.32106.194
MinimumVisualStudioVersion = 10.0.40219.1
Project("{FAE04EC0-301F-11D3-BF4B-00C04F79EFBC}") = "Lessons2", "Lessons2\Lessons2.csproj", "{7E963D7E-BD93-46B4-BEBE-4D640F32329A}"
EndProject
Global
	GlobalSection(SolutionConfigurationPlatforms) = preSolution
		Debug|Any CPU = Debug|Any CPU
		Release|Any CPU = Release|Any CPU
	EndGlobalSection
	GlobalSection(ProjectConfigurationPlatforms) = postSolution
		{7E963D7E-BD93-46B4-BEBE-4D640F32329A}.Debug|Any CPU.ActiveCfg = Debug|Any CPU
		{7E963D7E-BD93-46B4-BEBE-4D640F32329A}.Debug|Any CPU.Build.0 = Debug|Any CPU
		{7E963D7E-BD93-46B4-BEBE-4D640F32329A}.Release|Any CPU.ActiveCfg = Release|Any CPU
		{7E963D7E-BD93-46B4-BEBE-4D640F32329A}.Release|Any CPU.Build.0 = Release|Any CPU
	EndGlobalSection
	GlobalSection(SolutionProperties) = preSolution
		HideSolutionNode = FALSE
	EndGlobalSection
	GlobalSection(ExtensibilityGlobals) = postSolution
		SolutionGuid = {25EBE5FB-BE22-4323-96B9-25FCF1584A07}
	EndGlobalSection
EndGlobal
